
Microsoft Visual Studio Solution File, Format Version 12.00
# Visual Studio Version 16
VisualStudioVersion = 16.0.29728.190
MinimumVisualStudioVersion = 10.0.40219.1
Project("{FAE04EC0-301F-11D3-BF4B-00C04F79EFBC}") = "GenericDraftDiscordBot", "GenericDraftDiscordBot\GenericDraftDiscordBot.csproj", "{D08A8397-690A-487D-BA09-17B96AA4F247}"
EndProject
Global
	GlobalSection(SolutionConfigurationPlatforms) = preSolution
		Debug|Any CPU = Debug|Any CPU
		Release|Any CPU = Release|Any CPU
	EndGlobalSection
	GlobalSection(ProjectConfigurationPlatforms) = postSolution
		{D08A8397-690A-487D-BA09-17B96AA4F247}.Debug|Any CPU.ActiveCfg = Debug|Any CPU
		{D08A8397-690A-487D-BA09-17B96AA4F247}.Debug|Any CPU.Build.0 = Debug|Any CPU
		{D08A8397-690A-487D-BA09-17B96AA4F247}.Release|Any CPU.ActiveCfg = Release|Any CPU
		{D08A8397-690A-487D-BA09-17B96AA4F247}.Release|Any CPU.Build.0 = Release|Any CPU
	EndGlobalSection
	GlobalSection(SolutionProperties) = preSolution
		HideSolutionNode = FALSE
	EndGlobalSection
	GlobalSection(ExtensibilityGlobals) = postSolution
		SolutionGuid = {D7AD06E9-FBFE-4746-B46B-8E948DA50782}
	EndGlobalSection
EndGlobal
